
Microsoft Visual Studio Solution File, Format Version 12.00
# Visual Studio Version 17
VisualStudioVersion = 17.6.33723.286
MinimumVisualStudioVersion = 10.0.40219.1
Project("{FAE04EC0-301F-11D3-BF4B-00C04F79EFBC}") = "Inflearn_Server", "Inflearn_Server\Inflearn_Server.csproj", "{909BFB31-2E46-454C-A07F-47645FB48B81}"
EndProject
Project("{FAE04EC0-301F-11D3-BF4B-00C04F79EFBC}") = "Inflearn_ServerCore", "Inflearn_ServerCore\Inflearn_ServerCore.csproj", "{D58082A6-9B0C-4E1F-9C12-A747FF1B1966}"
EndProject
Project("{FAE04EC0-301F-11D3-BF4B-00C04F79EFBC}") = "Inflearn_DummyClient", "Inflearn_DummyClient\Inflearn_DummyClient.csproj", "{A049E61F-84CF-47A2-808F-F3F68418E676}"
EndProject
Global
	GlobalSection(SolutionConfigurationPlatforms) = preSolution
		Debug|Any CPU = Debug|Any CPU
		Release|Any CPU = Release|Any CPU
	EndGlobalSection
	GlobalSection(ProjectConfigurationPlatforms) = postSolution
		{909BFB31-2E46-454C-A07F-47645FB48B81}.Debug|Any CPU.ActiveCfg = Debug|Any CPU
		{909BFB31-2E46-454C-A07F-47645FB48B81}.Debug|Any CPU.Build.0 = Debug|Any CPU
		{909BFB31-2E46-454C-A07F-47645FB48B81}.Release|Any CPU.ActiveCfg = Release|Any CPU
		{909BFB31-2E46-454C-A07F-47645FB48B81}.Release|Any CPU.Build.0 = Release|Any CPU
		{D58082A6-9B0C-4E1F-9C12-A747FF1B1966}.Debug|Any CPU.ActiveCfg = Debug|Any CPU
		{D58082A6-9B0C-4E1F-9C12-A747FF1B1966}.Debug|Any CPU.Build.0 = Debug|Any CPU
		{D58082A6-9B0C-4E1F-9C12-A747FF1B1966}.Release|Any CPU.ActiveCfg = Release|Any CPU
		{D58082A6-9B0C-4E1F-9C12-A747FF1B1966}.Release|Any CPU.Build.0 = Release|Any CPU
		{A049E61F-84CF-47A2-808F-F3F68418E676}.Debug|Any CPU.ActiveCfg = Debug|Any CPU
		{A049E61F-84CF-47A2-808F-F3F68418E676}.Debug|Any CPU.Build.0 = Debug|Any CPU
		{A049E61F-84CF-47A2-808F-F3F68418E676}.Release|Any CPU.ActiveCfg = Release|Any CPU
		{A049E61F-84CF-47A2-808F-F3F68418E676}.Release|Any CPU.Build.0 = Release|Any CPU
	EndGlobalSection
	GlobalSection(SolutionProperties) = preSolution
		HideSolutionNode = FALSE
	EndGlobalSection
	GlobalSection(ExtensibilityGlobals) = postSolution
		SolutionGuid = {472826F9-F507-4A8F-BBA4-82807C8D0280}
	EndGlobalSection
EndGlobal
